
Microsoft Visual Studio Solution File, Format Version 12.00
# Visual Studio 14
VisualStudioVersion = 14.0.25420.1
MinimumVisualStudioVersion = 10.0.40219.1
Project("{2150E333-8FDC-42A3-9474-1A3956D46DE8}") = "App.Core", "App.Core", "{614C842E-2755-4336-87E1-9439CC1655BB}"
EndProject
Project("{FAE04EC0-301F-11D3-BF4B-00C04F79EFBC}") = "OEMS.Api", "OEMS.Api\OEMS.Api.csproj", "{927BAD2E-CE98-4772-A556-90C921EA83D5}"
EndProject
Project("{FAE04EC0-301F-11D3-BF4B-00C04F79EFBC}") = "UI.WebClients", "UI.WebClients\UI.WebClients.csproj", "{075DE3A1-4047-4EF5-AFDF-46A0A1ED15AE}"
EndProject
Project("{FAE04EC0-301F-11D3-BF4B-00C04F79EFBC}") = "Reports", "UI.WebClients\RDLC\Reports.csproj", "{E4D8407C-6A98-4173-A3AE-01FBF20001DE}"
EndProject
Project("{FAE04EC0-301F-11D3-BF4B-00C04F79EFBC}") = "OEMS.AppData", "OEMS.AppData\OEMS.AppData.csproj", "{812DF1CC-9F4A-4B0B-8B27-170F0B5BD6A5}"
EndProject
Project("{FAE04EC0-301F-11D3-BF4B-00C04F79EFBC}") = "OEMS.Models", "OEMS.Models\OEMS.Models.csproj", "{9A4A3D43-FDC7-4BDB-BC3D-962552F780DA}"
EndProject
Project("{FAE04EC0-301F-11D3-BF4B-00C04F79EFBC}") = "OEMS.Repository", "OEMS.Repository\OEMS.Repository.csproj", "{F7C3F553-5C07-4441-9BFD-9279862B3C94}"
EndProject
Project("{FAE04EC0-301F-11D3-BF4B-00C04F79EFBC}") = "MobileApps.Api", "MobileApps.Api\MobileApps.Api.csproj", "{09EE5339-DCE9-4CE3-B3FB-11C4976AA8A5}"
EndProject
Project("{FAE04EC0-301F-11D3-BF4B-00C04F79EFBC}") = "OEMS.Service", "OEMS.Service\OEMS.Service.csproj", "{E886B726-137D-4F62-A9C5-0C9F5AB18F40}"
EndProject
Global
	GlobalSection(SolutionConfigurationPlatforms) = preSolution
		Debug|Any CPU = Debug|Any CPU
		Release|Any CPU = Release|Any CPU
	EndGlobalSection
	GlobalSection(ProjectConfigurationPlatforms) = postSolution
		{927BAD2E-CE98-4772-A556-90C921EA83D5}.Debug|Any CPU.ActiveCfg = Debug|Any CPU
		{927BAD2E-CE98-4772-A556-90C921EA83D5}.Debug|Any CPU.Build.0 = Debug|Any CPU
		{927BAD2E-CE98-4772-A556-90C921EA83D5}.Release|Any CPU.ActiveCfg = Release|Any CPU
		{927BAD2E-CE98-4772-A556-90C921EA83D5}.Release|Any CPU.Build.0 = Release|Any CPU
		{075DE3A1-4047-4EF5-AFDF-46A0A1ED15AE}.Debug|Any CPU.ActiveCfg = Debug|Any CPU
		{075DE3A1-4047-4EF5-AFDF-46A0A1ED15AE}.Debug|Any CPU.Build.0 = Debug|Any CPU
		{075DE3A1-4047-4EF5-AFDF-46A0A1ED15AE}.Release|Any CPU.ActiveCfg = Release|Any CPU
		{075DE3A1-4047-4EF5-AFDF-46A0A1ED15AE}.Release|Any CPU.Build.0 = Release|Any CPU
		{E4D8407C-6A98-4173-A3AE-01FBF20001DE}.Debug|Any CPU.ActiveCfg = Debug|Any CPU
		{E4D8407C-6A98-4173-A3AE-01FBF20001DE}.Debug|Any CPU.Build.0 = Debug|Any CPU
		{E4D8407C-6A98-4173-A3AE-01FBF20001DE}.Release|Any CPU.ActiveCfg = Release|Any CPU
		{E4D8407C-6A98-4173-A3AE-01FBF20001DE}.Release|Any CPU.Build.0 = Release|Any CPU
		{812DF1CC-9F4A-4B0B-8B27-170F0B5BD6A5}.Debug|Any CPU.ActiveCfg = Debug|Any CPU
		{812DF1CC-9F4A-4B0B-8B27-170F0B5BD6A5}.Debug|Any CPU.Build.0 = Debug|Any CPU
		{812DF1CC-9F4A-4B0B-8B27-170F0B5BD6A5}.Release|Any CPU.ActiveCfg = Release|Any CPU
		{812DF1CC-9F4A-4B0B-8B27-170F0B5BD6A5}.Release|Any CPU.Build.0 = Release|Any CPU
		{9A4A3D43-FDC7-4BDB-BC3D-962552F780DA}.Debug|Any CPU.ActiveCfg = Debug|Any CPU
		{9A4A3D43-FDC7-4BDB-BC3D-962552F780DA}.Debug|Any CPU.Build.0 = Debug|Any CPU
		{9A4A3D43-FDC7-4BDB-BC3D-962552F780DA}.Release|Any CPU.ActiveCfg = Release|Any CPU
		{9A4A3D43-FDC7-4BDB-BC3D-962552F780DA}.Release|Any CPU.Build.0 = Release|Any CPU
		{F7C3F553-5C07-4441-9BFD-9279862B3C94}.Debug|Any CPU.ActiveCfg = Debug|Any CPU
		{F7C3F553-5C07-4441-9BFD-9279862B3C94}.Debug|Any CPU.Build.0 = Debug|Any CPU
		{F7C3F553-5C07-4441-9BFD-9279862B3C94}.Release|Any CPU.ActiveCfg = Release|Any CPU
		{F7C3F553-5C07-4441-9BFD-9279862B3C94}.Release|Any CPU.Build.0 = Release|Any CPU
		{09EE5339-DCE9-4CE3-B3FB-11C4976AA8A5}.Debug|Any CPU.ActiveCfg = Debug|Any CPU
		{09EE5339-DCE9-4CE3-B3FB-11C4976AA8A5}.Debug|Any CPU.Build.0 = Debug|Any CPU
		{09EE5339-DCE9-4CE3-B3FB-11C4976AA8A5}.Release|Any CPU.ActiveCfg = Release|Any CPU
		{09EE5339-DCE9-4CE3-B3FB-11C4976AA8A5}.Release|Any CPU.Build.0 = Release|Any CPU
		{E886B726-137D-4F62-A9C5-0C9F5AB18F40}.Debug|Any CPU.ActiveCfg = Debug|Any CPU
		{E886B726-137D-4F62-A9C5-0C9F5AB18F40}.Debug|Any CPU.Build.0 = Debug|Any CPU
		{E886B726-137D-4F62-A9C5-0C9F5AB18F40}.Release|Any CPU.ActiveCfg = Release|Any CPU
		{E886B726-137D-4F62-A9C5-0C9F5AB18F40}.Release|Any CPU.Build.0 = Release|Any CPU
	EndGlobalSection
	GlobalSection(SolutionProperties) = preSolution
		HideSolutionNode = FALSE
	EndGlobalSection
	GlobalSection(NestedProjects) = preSolution
		{812DF1CC-9F4A-4B0B-8B27-170F0B5BD6A5} = {614C842E-2755-4336-87E1-9439CC1655BB}
		{9A4A3D43-FDC7-4BDB-BC3D-962552F780DA} = {614C842E-2755-4336-87E1-9439CC1655BB}
		{F7C3F553-5C07-4441-9BFD-9279862B3C94} = {614C842E-2755-4336-87E1-9439CC1655BB}
		{E886B726-137D-4F62-A9C5-0C9F5AB18F40} = {614C842E-2755-4336-87E1-9439CC1655BB}
	EndGlobalSection
	GlobalSection(ExtensibilityGlobals) = postSolution
		SolutionGuid = {54D448AC-DFCC-4B84-B146-B4C00B538FFF}
	EndGlobalSection
EndGlobal
